// !$*UTF8*$!
{
	archiveVersion = 1;
	classes = {
	};
	objectVersion = 51;
	objects = {

/* Begin PBXBuildFile section */
		2518BE4E22963037002121E6 /* BorderButton.swift in Sources */ = {isa = PBXBuildFile; fileRef = 2518BE4D22963037002121E6 /* BorderButton.swift */; };
		2529C7092296238D00887EAF /* AppDelegate.swift in Sources */ = {isa = PBXBuildFile; fileRef = 2529C7082296238D00887EAF /* AppDelegate.swift */; };
		2529C70B2296238D00887EAF /* LoginVC.swift in Sources */ = {isa = PBXBuildFile; fileRef = 2529C70A2296238D00887EAF /* LoginVC.swift */; };
		2529C70E2296238D00887EAF /* Main.storyboard in Resources */ = {isa = PBXBuildFile; fileRef = 2529C70C2296238D00887EAF /* Main.storyboard */; };
		2529C7132296238E00887EAF /* LaunchScreen.storyboard in Resources */ = {isa = PBXBuildFile; fileRef = 2529C7112296238E00887EAF /* LaunchScreen.storyboard */; };
		2546D72122978247007ED0A2 /* Assets.xcassets in Resources */ = {isa = PBXBuildFile; fileRef = 2546D72022978247007ED0A2 /* Assets.xcassets */; };
		2546D72322978785007ED0A2 /* LichThucDonVC.swift in Sources */ = {isa = PBXBuildFile; fileRef = 2546D72222978785007ED0A2 /* LichThucDonVC.swift */; };
		2546D725229791B2007ED0A2 /* LichCell.swift in Sources */ = {isa = PBXBuildFile; fileRef = 2546D724229791B2007ED0A2 /* LichCell.swift */; };
		259762812297989E00F9A058 /* ChinhSuaLichVC.swift in Sources */ = {isa = PBXBuildFile; fileRef = 259762802297989E00F9A058 /* ChinhSuaLichVC.swift */; };
		259762832297A37F00F9A058 /* ChinhSuaLichCell.swift in Sources */ = {isa = PBXBuildFile; fileRef = 259762822297A37F00F9A058 /* ChinhSuaLichCell.swift */; };
		259762872297A8C100F9A058 /* ThemMonAnVC.swift in Sources */ = {isa = PBXBuildFile; fileRef = 259762862297A8C100F9A058 /* ThemMonAnVC.swift */; };
		259762892297AC6B00F9A058 /* MonAnCell.swift in Sources */ = {isa = PBXBuildFile; fileRef = 259762882297AC6B00F9A058 /* MonAnCell.swift */; };
		2597628B2297B92000F9A058 /* SideMenuVC.swift in Sources */ = {isa = PBXBuildFile; fileRef = 2597628A2297B92000F9A058 /* SideMenuVC.swift */; };
		833852755FDCF9FFB6D4F3C6 /* Pods_childkit_client.framework in Frameworks */ = {isa = PBXBuildFile; fileRef = 7E5F497AC6BE8319CE94404D /* Pods_childkit_client.framework */; };
/* End PBXBuildFile section */

/* Begin PBXFileReference section */
		2518BE4D22963037002121E6 /* BorderButton.swift */ = {isa = PBXFileReference; lastKnownFileType = sourcecode.swift; path = BorderButton.swift; sourceTree = "<group>"; };
		2529C7052296238D00887EAF /* childkit-client.app */ = {isa = PBXFileReference; explicitFileType = wrapper.application; includeInIndex = 0; path = "childkit-client.app"; sourceTree = BUILT_PRODUCTS_DIR; };
		2529C7082296238D00887EAF /* AppDelegate.swift */ = {isa = PBXFileReference; lastKnownFileType = sourcecode.swift; path = AppDelegate.swift; sourceTree = "<group>"; };
		2529C70A2296238D00887EAF /* LoginVC.swift */ = {isa = PBXFileReference; lastKnownFileType = sourcecode.swift; path = LoginVC.swift; sourceTree = "<group>"; };
		2529C70D2296238D00887EAF /* Base */ = {isa = PBXFileReference; lastKnownFileType = file.storyboard; name = Base; path = Base.lproj/Main.storyboard; sourceTree = "<group>"; };
		2529C7122296238E00887EAF /* Base */ = {isa = PBXFileReference; lastKnownFileType = file.storyboard; name = Base; path = Base.lproj/LaunchScreen.storyboard; sourceTree = "<group>"; };
		2529C7142296238E00887EAF /* Info.plist */ = {isa = PBXFileReference; lastKnownFileType = text.plist.xml; path = Info.plist; sourceTree = "<group>"; };
		2546D72022978247007ED0A2 /* Assets.xcassets */ = {isa = PBXFileReference; lastKnownFileType = folder.assetcatalog; path = Assets.xcassets; sourceTree = "<group>"; };
		2546D72222978785007ED0A2 /* LichThucDonVC.swift */ = {isa = PBXFileReference; lastKnownFileType = sourcecode.swift; path = LichThucDonVC.swift; sourceTree = "<group>"; };
		2546D724229791B2007ED0A2 /* LichCell.swift */ = {isa = PBXFileReference; lastKnownFileType = sourcecode.swift; path = LichCell.swift; sourceTree = "<group>"; };
		259762802297989E00F9A058 /* ChinhSuaLichVC.swift */ = {isa = PBXFileReference; lastKnownFileType = sourcecode.swift; path = ChinhSuaLichVC.swift; sourceTree = "<group>"; };
		259762822297A37F00F9A058 /* ChinhSuaLichCell.swift */ = {isa = PBXFileReference; lastKnownFileType = sourcecode.swift; path = ChinhSuaLichCell.swift; sourceTree = "<group>"; };
		259762862297A8C100F9A058 /* ThemMonAnVC.swift */ = {isa = PBXFileReference; lastKnownFileType = sourcecode.swift; path = ThemMonAnVC.swift; sourceTree = "<group>"; };
		259762882297AC6B00F9A058 /* MonAnCell.swift */ = {isa = PBXFileReference; lastKnownFileType = sourcecode.swift; path = MonAnCell.swift; sourceTree = "<group>"; };
		2597628A2297B92000F9A058 /* SideMenuVC.swift */ = {isa = PBXFileReference; lastKnownFileType = sourcecode.swift; path = SideMenuVC.swift; sourceTree = "<group>"; };
		40070DA461B6C5F7915C5AD2 /* Pods-childkit-client.debug.xcconfig */ = {isa = PBXFileReference; includeInIndex = 1; lastKnownFileType = text.xcconfig; name = "Pods-childkit-client.debug.xcconfig"; path = "Target Support Files/Pods-childkit-client/Pods-childkit-client.debug.xcconfig"; sourceTree = "<group>"; };
		7E5F497AC6BE8319CE94404D /* Pods_childkit_client.framework */ = {isa = PBXFileReference; explicitFileType = wrapper.framework; includeInIndex = 0; path = Pods_childkit_client.framework; sourceTree = BUILT_PRODUCTS_DIR; };
		B079E9AF84C3BEDE00D209BA /* Pods-childkit-client.release.xcconfig */ = {isa = PBXFileReference; includeInIndex = 1; lastKnownFileType = text.xcconfig; name = "Pods-childkit-client.release.xcconfig"; path = "Target Support Files/Pods-childkit-client/Pods-childkit-client.release.xcconfig"; sourceTree = "<group>"; };
/* End PBXFileReference section */

/* Begin PBXFrameworksBuildPhase section */
		2529C7022296238D00887EAF /* Frameworks */ = {
			isa = PBXFrameworksBuildPhase;
			buildActionMask = 2147483647;
			files = (
				833852755FDCF9FFB6D4F3C6 /* Pods_childkit_client.framework in Frameworks */,
			);
			runOnlyForDeploymentPostprocessing = 0;
		};
/* End PBXFrameworksBuildPhase section */

/* Begin PBXGroup section */
		2518BE4922962FA6002121E6 /* Controller */ = {
			isa = PBXGroup;
			children = (
				2529C70A2296238D00887EAF /* LoginVC.swift */,
				2546D72222978785007ED0A2 /* LichThucDonVC.swift */,
				259762802297989E00F9A058 /* ChinhSuaLichVC.swift */,
				259762862297A8C100F9A058 /* ThemMonAnVC.swift */,
				2597628A2297B92000F9A058 /* SideMenuVC.swift */,
			);
			path = Controller;
			sourceTree = "<group>";
		};
		2518BE4A22962FB1002121E6 /* View */ = {
			isa = PBXGroup;
			children = (
				2546D724229791B2007ED0A2 /* LichCell.swift */,
				259762822297A37F00F9A058 /* ChinhSuaLichCell.swift */,
				259762882297AC6B00F9A058 /* MonAnCell.swift */,
			);
			path = View;
			sourceTree = "<group>";
		};
		2518BE4B22962FB6002121E6 /* Model */ = {
			isa = PBXGroup;
			children = (
			);
			path = Model;
			sourceTree = "<group>";
		};
		2518BE4C22963017002121E6 /* Utils */ = {
			isa = PBXGroup;
			children = (
				2518BE4D22963037002121E6 /* BorderButton.swift */,
			);
			path = Utils;
			sourceTree = "<group>";
		};
		2529C6FC2296238D00887EAF = {
			isa = PBXGroup;
			children = (
				2529C7072296238D00887EAF /* childkit-client */,
				2529C7062296238D00887EAF /* Products */,
				4217B6991E8D373F9DE7CE7C /* Pods */,
				2D7F570E5BFE88F366E0DC6D /* Frameworks */,
			);
			sourceTree = "<group>";
		};
		2529C7062296238D00887EAF /* Products */ = {
			isa = PBXGroup;
			children = (
				2529C7052296238D00887EAF /* childkit-client.app */,
			);
			name = Products;
			sourceTree = "<group>";
		};
		2529C7072296238D00887EAF /* childkit-client */ = {
			isa = PBXGroup;
			children = (
				2518BE4C22963017002121E6 /* Utils */,
				2518BE4B22962FB6002121E6 /* Model */,
				2518BE4A22962FB1002121E6 /* View */,
				2518BE4922962FA6002121E6 /* Controller */,
				2529C7082296238D00887EAF /* AppDelegate.swift */,
				2529C70C2296238D00887EAF /* Main.storyboard */,
				2529C7112296238E00887EAF /* LaunchScreen.storyboard */,
				2546D72022978247007ED0A2 /* Assets.xcassets */,
				2529C7142296238E00887EAF /* Info.plist */,
			);
			path = "childkit-client";
			sourceTree = "<group>";
		};
		2D7F570E5BFE88F366E0DC6D /* Frameworks */ = {
			isa = PBXGroup;
			children = (
				7E5F497AC6BE8319CE94404D /* Pods_childkit_client.framework */,
			);
			name = Frameworks;
			sourceTree = "<group>";
		};
		4217B6991E8D373F9DE7CE7C /* Pods */ = {
			isa = PBXGroup;
			children = (
				40070DA461B6C5F7915C5AD2 /* Pods-childkit-client.debug.xcconfig */,
				B079E9AF84C3BEDE00D209BA /* Pods-childkit-client.release.xcconfig */,
			);
			path = Pods;
			sourceTree = "<group>";
		};
/* End PBXGroup section */

/* Begin PBXNativeTarget section */
		2529C7042296238D00887EAF /* childkit-client */ = {
			isa = PBXNativeTarget;
			buildConfigurationList = 2529C7172296238E00887EAF /* Build configuration list for PBXNativeTarget "childkit-client" */;
			buildPhases = (
				917EEE7BA64433212C3B8425 /* [CP] Check Pods Manifest.lock */,
				2529C7012296238D00887EAF /* Sources */,
				2529C7022296238D00887EAF /* Frameworks */,
				2529C7032296238D00887EAF /* Resources */,
				A7101DA2AE6F55D4EB568BBC /* [CP] Embed Pods Frameworks */,
			);
			buildRules = (
			);
			dependencies = (
			);
			name = "childkit-client";
			productName = "childkit-client";
			productReference = 2529C7052296238D00887EAF /* childkit-client.app */;
			productType = "com.apple.product-type.application";
		};
/* End PBXNativeTarget section */

/* Begin PBXProject section */
		2529C6FD2296238D00887EAF /* Project object */ = {
			isa = PBXProject;
			attributes = {
				LastSwiftUpdateCheck = 1020;
				LastUpgradeCheck = 1020;
				ORGANIZATIONNAME = SANG;
				TargetAttributes = {
					2529C7042296238D00887EAF = {
						CreatedOnToolsVersion = 10.2.1;
					};
				};
			};
			buildConfigurationList = 2529C7002296238D00887EAF /* Build configuration list for PBXProject "childkit-client" */;
			compatibilityVersion = "Xcode 9.3";
			developmentRegion = en;
			hasScannedForEncodings = 0;
			knownRegions = (
				en,
				Base,
			);
			mainGroup = 2529C6FC2296238D00887EAF;
			productRefGroup = 2529C7062296238D00887EAF /* Products */;
			projectDirPath = "";
			projectRoot = "";
			targets = (
				2529C7042296238D00887EAF /* childkit-client */,
			);
		};
/* End PBXProject section */

/* Begin PBXResourcesBuildPhase section */
		2529C7032296238D00887EAF /* Resources */ = {
			isa = PBXResourcesBuildPhase;
			buildActionMask = 2147483647;
			files = (
				2529C7132296238E00887EAF /* LaunchScreen.storyboard in Resources */,
				2546D72122978247007ED0A2 /* Assets.xcassets in Resources */,
				2529C70E2296238D00887EAF /* Main.storyboard in Resources */,
			);
			runOnlyForDeploymentPostprocessing = 0;
		};
/* End PBXResourcesBuildPhase section */

/* Begin PBXShellScriptBuildPhase section */
		917EEE7BA64433212C3B8425 /* [CP] Check Pods Manifest.lock */ = {
			isa = PBXShellScriptBuildPhase;
			buildActionMask = 2147483647;
			files = (
			);
			inputFileListPaths = (
			);
			inputPaths = (
				"${PODS_PODFILE_DIR_PATH}/Podfile.lock",
				"${PODS_ROOT}/Manifest.lock",
			);
			name = "[CP] Check Pods Manifest.lock";
			outputFileListPaths = (
			);
			outputPaths = (
				"$(DERIVED_FILE_DIR)/Pods-childkit-client-checkManifestLockResult.txt",
			);
			runOnlyForDeploymentPostprocessing = 0;
			shellPath = /bin/sh;
			shellScript = "diff \"${PODS_PODFILE_DIR_PATH}/Podfile.lock\" \"${PODS_ROOT}/Manifest.lock\" > /dev/null\nif [ $? != 0 ] ; then\n    # print error to STDERR\n    echo \"error: The sandbox is not in sync with the Podfile.lock. Run 'pod install' or update your CocoaPods installation.\" >&2\n    exit 1\nfi\n# This output is used by Xcode 'outputs' to avoid re-running this script phase.\necho \"SUCCESS\" > \"${SCRIPT_OUTPUT_FILE_0}\"\n";
			showEnvVarsInLog = 0;
		};
		A7101DA2AE6F55D4EB568BBC /* [CP] Embed Pods Frameworks */ = {
			isa = PBXShellScriptBuildPhase;
			buildActionMask = 2147483647;
			files = (
			);
			inputFileListPaths = (
				"${PODS_ROOT}/Target Support Files/Pods-childkit-client/Pods-childkit-client-frameworks-${CONFIGURATION}-input-files.xcfilelist",
			);
			name = "[CP] Embed Pods Frameworks";
			outputFileListPaths = (
				"${PODS_ROOT}/Target Support Files/Pods-childkit-client/Pods-childkit-client-frameworks-${CONFIGURATION}-output-files.xcfilelist",
			);
			runOnlyForDeploymentPostprocessing = 0;
			shellPath = /bin/sh;
			shellScript = "\"${PODS_ROOT}/Target Support Files/Pods-childkit-client/Pods-childkit-client-frameworks.sh\"\n";
			showEnvVarsInLog = 0;
		};
/* End PBXShellScriptBuildPhase section */

/* Begin PBXSourcesBuildPhase section */
		2529C7012296238D00887EAF /* Sources */ = {
			isa = PBXSourcesBuildPhase;
			buildActionMask = 2147483647;
			files = (
				2546D72322978785007ED0A2 /* LichThucDonVC.swift in Sources */,
				259762832297A37F00F9A058 /* ChinhSuaLichCell.swift in Sources */,
				2529C70B2296238D00887EAF /* LoginVC.swift in Sources */,
				2529C7092296238D00887EAF /* AppDelegate.swift in Sources */,
				2597628B2297B92000F9A058 /* SideMenuVC.swift in Sources */,
				259762892297AC6B00F9A058 /* MonAnCell.swift in Sources */,
				259762872297A8C100F9A058 /* ThemMonAnVC.swift in Sources */,
				259762812297989E00F9A058 /* ChinhSuaLichVC.swift in Sources */,
				2546D725229791B2007ED0A2 /* LichCell.swift in Sources */,
				2518BE4E22963037002121E6 /* BorderButton.swift in Sources */,
			);
			runOnlyForDeploymentPostprocessing = 0;
		};
/* End PBXSourcesBuildPhase section */

/* Begin PBXVariantGroup section */
		2529C70C2296238D00887EAF /* Main.storyboard */ = {
			isa = PBXVariantGroup;
			children = (
				2529C70D2296238D00887EAF /* Base */,
			);
			name = Main.storyboard;
			sourceTree = "<group>";
		};
		2529C7112296238E00887EAF /* LaunchScreen.storyboard */ = {
			isa = PBXVariantGroup;
			children = (
				2529C7122296238E00887EAF /* Base */,
			);
			name = LaunchScreen.storyboard;
			sourceTree = "<group>";
		};
/* End PBXVariantGroup section */

/* Begin XCBuildConfiguration section */
		2529C7152296238E00887EAF /* Debug */ = {
			isa = XCBuildConfiguration;
			buildSettings = {
				ALWAYS_SEARCH_USER_PATHS = NO;
				CLANG_ANALYZER_NONNULL = YES;
				CLANG_ANALYZER_NUMBER_OBJECT_CONVERSION = YES_AGGRESSIVE;
				CLANG_CXX_LANGUAGE_STANDARD = "gnu++14";
				CLANG_CXX_LIBRARY = "libc++";
				CLANG_ENABLE_MODULES = YES;
				CLANG_ENABLE_OBJC_ARC = YES;
				CLANG_ENABLE_OBJC_WEAK = YES;
				CLANG_WARN_BLOCK_CAPTURE_AUTORELEASING = YES;
				CLANG_WARN_BOOL_CONVERSION = YES;
				CLANG_WARN_COMMA = YES;
				CLANG_WARN_CONSTANT_CONVERSION = YES;
				CLANG_WARN_DEPRECATED_OBJC_IMPLEMENTATIONS = YES;
				CLANG_WARN_DIRECT_OBJC_ISA_USAGE = YES_ERROR;
				CLANG_WARN_DOCUMENTATION_COMMENTS = YES;
				CLANG_WARN_EMPTY_BODY = YES;
				CLANG_WARN_ENUM_CONVERSION = YES;
				CLANG_WARN_INFINITE_RECURSION = YES;
				CLANG_WARN_INT_CONVERSION = YES;
				CLANG_WARN_NON_LITERAL_NULL_CONVERSION = YES;
				CLANG_WARN_OBJC_IMPLICIT_RETAIN_SELF = YES;
				CLANG_WARN_OBJC_LITERAL_CONVERSION = YES;
				CLANG_WARN_OBJC_ROOT_CLASS = YES_ERROR;
				CLANG_WARN_RANGE_LOOP_ANALYSIS = YES;
				CLANG_WARN_STRICT_PROTOTYPES = YES;
				CLANG_WARN_SUSPICIOUS_MOVE = YES;
				CLANG_WARN_UNGUARDED_AVAILABILITY = YES_AGGRESSIVE;
				CLANG_WARN_UNREACHABLE_CODE = YES;
				CLANG_WARN__DUPLICATE_METHOD_MATCH = YES;
				CODE_SIGN_IDENTITY = "iPhone Developer";
				COPY_PHASE_STRIP = NO;
				DEBUG_INFORMATION_FORMAT = dwarf;
				ENABLE_STRICT_OBJC_MSGSEND = YES;
				ENABLE_TESTABILITY = YES;
				GCC_C_LANGUAGE_STANDARD = gnu11;
				GCC_DYNAMIC_NO_PIC = NO;
				GCC_NO_COMMON_BLOCKS = YES;
				GCC_OPTIMIZATION_LEVEL = 0;
				GCC_PREPROCESSOR_DEFINITIONS = (
					"DEBUG=1",
					"$(inherited)",
				);
				GCC_WARN_64_TO_32_BIT_CONVERSION = YES;
				GCC_WARN_ABOUT_RETURN_TYPE = YES_ERROR;
				GCC_WARN_UNDECLARED_SELECTOR = YES;
				GCC_WARN_UNINITIALIZED_AUTOS = YES_AGGRESSIVE;
				GCC_WARN_UNUSED_FUNCTION = YES;
				GCC_WARN_UNUSED_VARIABLE = YES;
				IPHONEOS_DEPLOYMENT_TARGET = 12.2;
				MTL_ENABLE_DEBUG_INFO = INCLUDE_SOURCE;
				MTL_FAST_MATH = YES;
				ONLY_ACTIVE_ARCH = YES;
				SDKROOT = iphoneos;
				SWIFT_ACTIVE_COMPILATION_CONDITIONS = DEBUG;
				SWIFT_OPTIMIZATION_LEVEL = "-Onone";
			};
			name = Debug;
		};
		2529C7162296238E00887EAF /* Release */ = {
			isa = XCBuildConfiguration;
			buildSettings = {
				ALWAYS_SEARCH_USER_PATHS = NO;
				CLANG_ANALYZER_NONNULL = YES;
				CLANG_ANALYZER_NUMBER_OBJECT_CONVERSION = YES_AGGRESSIVE;
				CLANG_CXX_LANGUAGE_STANDARD = "gnu++14";
				CLANG_CXX_LIBRARY = "libc++";
				CLANG_ENABLE_MODULES = YES;
				CLANG_ENABLE_OBJC_ARC = YES;
				CLANG_ENABLE_OBJC_WEAK = YES;
				CLANG_WARN_BLOCK_CAPTURE_AUTORELEASING = YES;
				CLANG_WARN_BOOL_CONVERSION = YES;
				CLANG_WARN_COMMA = YES;
				CLANG_WARN_CONSTANT_CONVERSION = YES;
				CLANG_WARN_DEPRECATED_OBJC_IMPLEMENTATIONS = YES;
				CLANG_WARN_DIRECT_OBJC_ISA_USAGE = YES_ERROR;
				CLANG_WARN_DOCUMENTATION_COMMENTS = YES;
				CLANG_WARN_EMPTY_BODY = YES;
				CLANG_WARN_ENUM_CONVERSION = YES;
				CLANG_WARN_INFINITE_RECURSION = YES;
				CLANG_WARN_INT_CONVERSION = YES;
				CLANG_WARN_NON_LITERAL_NULL_CONVERSION = YES;
				CLANG_WARN_OBJC_IMPLICIT_RETAIN_SELF = YES;
				CLANG_WARN_OBJC_LITERAL_CONVERSION = YES;
				CLANG_WARN_OBJC_ROOT_CLASS = YES_ERROR;
				CLANG_WARN_RANGE_LOOP_ANALYSIS = YES;
				CLANG_WARN_STRICT_PROTOTYPES = YES;
				CLANG_WARN_SUSPICIOUS_MOVE = YES;
				CLANG_WARN_UNGUARDED_AVAILABILITY = YES_AGGRESSIVE;
				CLANG_WARN_UNREACHABLE_CODE = YES;
				CLANG_WARN__DUPLICATE_METHOD_MATCH = YES;
				CODE_SIGN_IDENTITY = "iPhone Developer";
				COPY_PHASE_STRIP = NO;
				DEBUG_INFORMATION_FORMAT = "dwarf-with-dsym";
				ENABLE_NS_ASSERTIONS = NO;
				ENABLE_STRICT_OBJC_MSGSEND = YES;
				GCC_C_LANGUAGE_STANDARD = gnu11;
				GCC_NO_COMMON_BLOCKS = YES;
				GCC_WARN_64_TO_32_BIT_CONVERSION = YES;
				GCC_WARN_ABOUT_RETURN_TYPE = YES_ERROR;
				GCC_WARN_UNDECLARED_SELECTOR = YES;
				GCC_WARN_UNINITIALIZED_AUTOS = YES_AGGRESSIVE;
				GCC_WARN_UNUSED_FUNCTION = YES;
				GCC_WARN_UNUSED_VARIABLE = YES;
				IPHONEOS_DEPLOYMENT_TARGET = 12.2;
				MTL_ENABLE_DEBUG_INFO = NO;
				MTL_FAST_MATH = YES;
				SDKROOT = iphoneos;
				SWIFT_COMPILATION_MODE = wholemodule;
				SWIFT_OPTIMIZATION_LEVEL = "-O";
				VALIDATE_PRODUCT = YES;
			};
			name = Release;
		};
		2529C7182296238E00887EAF /* Debug */ = {
			isa = XCBuildConfiguration;
			baseConfigurationReference = 40070DA461B6C5F7915C5AD2 /* Pods-childkit-client.debug.xcconfig */;
			buildSettings = {
				ASSETCATALOG_COMPILER_APPICON_NAME = AppIcon;
				CODE_SIGN_STYLE = Automatic;
				DEVELOPMENT_TEAM = V24J95GX27;
				INFOPLIST_FILE = "childkit-client/Info.plist";
				LD_RUNPATH_SEARCH_PATHS = (
					"$(inherited)",
					"@executable_path/Frameworks",
				);
				PRODUCT_BUNDLE_IDENTIFIER = "com.lucthoisang.childkit-client";
				PRODUCT_NAME = "$(TARGET_NAME)";
				SWIFT_VERSION = 5.0;
				TARGETED_DEVICE_FAMILY = "1,2";
			};
			name = Debug;
		};
		2529C7192296238E00887EAF /* Release */ = {
			isa = XCBuildConfiguration;
			baseConfigurationReference = B079E9AF84C3BEDE00D209BA /* Pods-childkit-client.release.xcconfig */;
			buildSettings = {
				ASSETCATALOG_COMPILER_APPICON_NAME = AppIcon;
				CODE_SIGN_STYLE = Automatic;
				DEVELOPMENT_TEAM = V24J95GX27;
				INFOPLIST_FILE = "childkit-client/Info.plist";
				LD_RUNPATH_SEARCH_PATHS = (
					"$(inherited)",
					"@executable_path/Frameworks",
				);
				PRODUCT_BUNDLE_IDENTIFIER = "com.lucthoisang.childkit-client";
				PRODUCT_NAME = "$(TARGET_NAME)";
				SWIFT_VERSION = 5.0;
				TARGETED_DEVICE_FAMILY = "1,2";
			};
			name = Release;
		};
/* End XCBuildConfiguration section */

/* Begin XCConfigurationList section */
		2529C7002296238D00887EAF /* Build configuration list for PBXProject "childkit-client" */ = {
			isa = XCConfigurationList;
			buildConfigurations = (
				2529C7152296238E00887EAF /* Debug */,
				2529C7162296238E00887EAF /* Release */,
			);
			defaultConfigurationIsVisible = 0;
			defaultConfigurationName = Release;
		};
		2529C7172296238E00887EAF /* Build configuration list for PBXNativeTarget "childkit-client" */ = {
			isa = XCConfigurationList;
			buildConfigurations = (
				2529C7182296238E00887EAF /* Debug */,
				2529C7192296238E00887EAF /* Release */,
			);
			defaultConfigurationIsVisible = 0;
			defaultConfigurationName = Release;
		};
/* End XCConfigurationList section */
	};
	rootObject = 2529C6FD2296238D00887EAF /* Project object */;
}
