// !$*UTF8*$!
{
	archiveVersion = 1;
	classes = {
	};
	objectVersion = 51;
	objects = {

/* Begin PBXBuildFile section */
		2518BE4E22963037002121E6 /* CornerButton.swift in Sources */ = {isa = PBXBuildFile; fileRef = 2518BE4D22963037002121E6 /* CornerButton.swift */; };
		2529C7092296238D00887EAF /* AppDelegate.swift in Sources */ = {isa = PBXBuildFile; fileRef = 2529C7082296238D00887EAF /* AppDelegate.swift */; };
		2529C70B2296238D00887EAF /* LoginVC.swift in Sources */ = {isa = PBXBuildFile; fileRef = 2529C70A2296238D00887EAF /* LoginVC.swift */; };
		2529C70E2296238D00887EAF /* Main.storyboard in Resources */ = {isa = PBXBuildFile; fileRef = 2529C70C2296238D00887EAF /* Main.storyboard */; };
		2529C7132296238E00887EAF /* LaunchScreen.storyboard in Resources */ = {isa = PBXBuildFile; fileRef = 2529C7112296238E00887EAF /* LaunchScreen.storyboard */; };
		2546D72122978247007ED0A2 /* Assets.xcassets in Resources */ = {isa = PBXBuildFile; fileRef = 2546D72022978247007ED0A2 /* Assets.xcassets */; };
		2546D72322978785007ED0A2 /* LichThucDonVC.swift in Sources */ = {isa = PBXBuildFile; fileRef = 2546D72222978785007ED0A2 /* LichThucDonVC.swift */; };
		2546D725229791B2007ED0A2 /* LichCell.swift in Sources */ = {isa = PBXBuildFile; fileRef = 2546D724229791B2007ED0A2 /* LichCell.swift */; };
		259762812297989E00F9A058 /* ChinhSuaLichVC.swift in Sources */ = {isa = PBXBuildFile; fileRef = 259762802297989E00F9A058 /* ChinhSuaLichVC.swift */; };
		259762832297A37F00F9A058 /* ChinhSuaLichCell.swift in Sources */ = {isa = PBXBuildFile; fileRef = 259762822297A37F00F9A058 /* ChinhSuaLichCell.swift */; };
		259762872297A8C100F9A058 /* ThemMonAnVC.swift in Sources */ = {isa = PBXBuildFile; fileRef = 259762862297A8C100F9A058 /* ThemMonAnVC.swift */; };
		259762892297AC6B00F9A058 /* MonAnCell.swift in Sources */ = {isa = PBXBuildFile; fileRef = 259762882297AC6B00F9A058 /* MonAnCell.swift */; };
		2597628B2297B92000F9A058 /* SideMenuVC.swift in Sources */ = {isa = PBXBuildFile; fileRef = 2597628A2297B92000F9A058 /* SideMenuVC.swift */; };
		25ECED882297BDC400F3693B /* BinhLuanVC.swift in Sources */ = {isa = PBXBuildFile; fileRef = 25ECED872297BDC400F3693B /* BinhLuanVC.swift */; };
		25ECED8C2297C69F00F3693B /* BorderButton.swift in Sources */ = {isa = PBXBuildFile; fileRef = 25ECED8B2297C69F00F3693B /* BorderButton.swift */; };
		25ECED8E2297C6E400F3693B /* BorderView.swift in Sources */ = {isa = PBXBuildFile; fileRef = 25ECED8D2297C6E400F3693B /* BorderView.swift */; };
		25ECED902297CBE400F3693B /* BinhLuanCell.swift in Sources */ = {isa = PBXBuildFile; fileRef = 25ECED8F2297CBE400F3693B /* BinhLuanCell.swift */; };
		25ECED972297DF9D00F3693B /* CornerTextView.swift in Sources */ = {isa = PBXBuildFile; fileRef = 25ECED962297DF9D00F3693B /* CornerTextView.swift */; };
		25ECED992297E21E00F3693B /* VoteThucDonVC.swift in Sources */ = {isa = PBXBuildFile; fileRef = 25ECED982297E21E00F3693B /* VoteThucDonVC.swift */; };
		25ECED9B2297E62900F3693B /* VoteCell.swift in Sources */ = {isa = PBXBuildFile; fileRef = 25ECED9A2297E62900F3693B /* VoteCell.swift */; };
		3D14EA4622B0F82C00A116E6 /* NhanVien.swift in Sources */ = {isa = PBXBuildFile; fileRef = 3D14EA4522B0F82C00A116E6 /* NhanVien.swift */; };
		3D21B31622AFDD5800F33ADB /* Tre.swift in Sources */ = {isa = PBXBuildFile; fileRef = 3D21B31522AFDD5800F33ADB /* Tre.swift */; };
		3D26C64322B3791B0021C9C8 /* XemThucDonDatTiec.swift in Sources */ = {isa = PBXBuildFile; fileRef = 3D26C64222B3791B0021C9C8 /* XemThucDonDatTiec.swift */; };
		3D26C64622B380170021C9C8 /* YeuCauGVCell.swift in Sources */ = {isa = PBXBuildFile; fileRef = 3D26C64422B380170021C9C8 /* YeuCauGVCell.swift */; };
		3D26C64722B380170021C9C8 /* YeuCauPHCell.swift in Sources */ = {isa = PBXBuildFile; fileRef = 3D26C64522B380170021C9C8 /* YeuCauPHCell.swift */; };
		3D26C64922B380480021C9C8 /* YeuCauPH.swift in Sources */ = {isa = PBXBuildFile; fileRef = 3D26C64822B380480021C9C8 /* YeuCauPH.swift */; };
		3D26C64B22B380860021C9C8 /* YeuCauGV.swift in Sources */ = {isa = PBXBuildFile; fileRef = 3D26C64A22B380860021C9C8 /* YeuCauGV.swift */; };
		3D26C64D22B380BA0021C9C8 /* BorderImageView.swift in Sources */ = {isa = PBXBuildFile; fileRef = 3D26C64C22B380BA0021C9C8 /* BorderImageView.swift */; };
		3D26C64F22B3882F0021C9C8 /* MenuDatTiecCell.swift in Sources */ = {isa = PBXBuildFile; fileRef = 3D26C64E22B3882F0021C9C8 /* MenuDatTiecCell.swift */; };
		3D26C65122B388F70021C9C8 /* ChiTietYeuCauDatTiecVC.swift in Sources */ = {isa = PBXBuildFile; fileRef = 3D26C65022B388F70021C9C8 /* ChiTietYeuCauDatTiecVC.swift */; };
		3D2C68E322A66ABB00AC8E7A /* GoogleService-Info.plist in Resources */ = {isa = PBXBuildFile; fileRef = 3D2C68E222A66ABB00AC8E7A /* GoogleService-Info.plist */; };
		3D2C68E522A672BD00AC8E7A /* ConfigDatabase.swift in Sources */ = {isa = PBXBuildFile; fileRef = 3D2C68E422A672BD00AC8E7A /* ConfigDatabase.swift */; };
		3D79563622A90242005C84CA /* DateExt.swift in Sources */ = {isa = PBXBuildFile; fileRef = 3D79563522A90242005C84CA /* DateExt.swift */; };
		3D94299C22998B76009F1976 /* ChildCell.swift in Sources */ = {isa = PBXBuildFile; fileRef = 3D94299B22998B76009F1976 /* ChildCell.swift */; };
		3D94299E22998C79009F1976 /* DatTiecPHVC.swift in Sources */ = {isa = PBXBuildFile; fileRef = 3D94299D22998C79009F1976 /* DatTiecPHVC.swift */; };
		3D9429A22299986E009F1976 /* CornerTableView.swift in Sources */ = {isa = PBXBuildFile; fileRef = 3D9429A12299986E009F1976 /* CornerTableView.swift */; };
		3D9429A42299A1E1009F1976 /* DatTiecGVVC.swift in Sources */ = {isa = PBXBuildFile; fileRef = 3D9429A32299A1E1009F1976 /* DatTiecGVVC.swift */; };
		3D998F4F22AABB940049BB48 /* LichNau.swift in Sources */ = {isa = PBXBuildFile; fileRef = 3D998F4E22AABB940049BB48 /* LichNau.swift */; };
		3DBA85C7229A45180060ADDE /* CategoryVC.swift in Sources */ = {isa = PBXBuildFile; fileRef = 3DBA85C6229A45180060ADDE /* CategoryVC.swift */; };
		3DBA85C9229A47A50060ADDE /* CategoryCell.swift in Sources */ = {isa = PBXBuildFile; fileRef = 3DBA85C8229A47A50060ADDE /* CategoryCell.swift */; };
		3DBA85CB229A4C9D0060ADDE /* FoodByCategoryVC.swift in Sources */ = {isa = PBXBuildFile; fileRef = 3DBA85CA229A4C9D0060ADDE /* FoodByCategoryVC.swift */; };
		3DBA85CD229A53A80060ADDE /* ThemMonAn2VC.swift in Sources */ = {isa = PBXBuildFile; fileRef = 3DBA85CC229A53A80060ADDE /* ThemMonAn2VC.swift */; };
		3DF2480C22AE304C000D8C89 /* BinhLuan.swift in Sources */ = {isa = PBXBuildFile; fileRef = 3DF2480B22AE304C000D8C89 /* BinhLuan.swift */; };
		3DFA0E3422A9F67A00CFF802 /* LichTuanSauVC.swift in Sources */ = {isa = PBXBuildFile; fileRef = 3DFA0E3322A9F67900CFF802 /* LichTuanSauVC.swift */; };
		3DFA0E3622AA02ED00CFF802 /* iOSDropDown.framework in Frameworks */ = {isa = PBXBuildFile; fileRef = 3DFA0E3522AA02ED00CFF802 /* iOSDropDown.framework */; };
		3DFA0E3822AA078600CFF802 /* MonAn.swift in Sources */ = {isa = PBXBuildFile; fileRef = 3DFA0E3722AA078600CFF802 /* MonAn.swift */; };
		3DFA0E3C22AA12D100CFF802 /* CornerImage.swift in Sources */ = {isa = PBXBuildFile; fileRef = 3DFA0E3B22AA12D100CFF802 /* CornerImage.swift */; };
		3DFA0E3E22AA194F00CFF802 /* Category.swift in Sources */ = {isa = PBXBuildFile; fileRef = 3DFA0E3D22AA194F00CFF802 /* Category.swift */; };
		833852755FDCF9FFB6D4F3C6 /* Pods_childkit_client.framework in Frameworks */ = {isa = PBXBuildFile; fileRef = 7E5F497AC6BE8319CE94404D /* Pods_childkit_client.framework */; };
/* End PBXBuildFile section */

/* Begin PBXFileReference section */
		2518BE4D22963037002121E6 /* CornerButton.swift */ = {isa = PBXFileReference; lastKnownFileType = sourcecode.swift; path = CornerButton.swift; sourceTree = "<group>"; };
		2529C7052296238D00887EAF /* childkit-client.app */ = {isa = PBXFileReference; explicitFileType = wrapper.application; includeInIndex = 0; path = "childkit-client.app"; sourceTree = BUILT_PRODUCTS_DIR; };
		2529C7082296238D00887EAF /* AppDelegate.swift */ = {isa = PBXFileReference; lastKnownFileType = sourcecode.swift; path = AppDelegate.swift; sourceTree = "<group>"; };
		2529C70A2296238D00887EAF /* LoginVC.swift */ = {isa = PBXFileReference; lastKnownFileType = sourcecode.swift; path = LoginVC.swift; sourceTree = "<group>"; };
		2529C70D2296238D00887EAF /* Base */ = {isa = PBXFileReference; lastKnownFileType = file.storyboard; name = Base; path = Base.lproj/Main.storyboard; sourceTree = "<group>"; };
		2529C7122296238E00887EAF /* Base */ = {isa = PBXFileReference; lastKnownFileType = file.storyboard; name = Base; path = Base.lproj/LaunchScreen.storyboard; sourceTree = "<group>"; };
		2529C7142296238E00887EAF /* Info.plist */ = {isa = PBXFileReference; lastKnownFileType = text.plist.xml; path = Info.plist; sourceTree = "<group>"; };
		2546D72022978247007ED0A2 /* Assets.xcassets */ = {isa = PBXFileReference; lastKnownFileType = folder.assetcatalog; path = Assets.xcassets; sourceTree = "<group>"; };
		2546D72222978785007ED0A2 /* LichThucDonVC.swift */ = {isa = PBXFileReference; lastKnownFileType = sourcecode.swift; path = LichThucDonVC.swift; sourceTree = "<group>"; };
		2546D724229791B2007ED0A2 /* LichCell.swift */ = {isa = PBXFileReference; lastKnownFileType = sourcecode.swift; path = LichCell.swift; sourceTree = "<group>"; };
		259762802297989E00F9A058 /* ChinhSuaLichVC.swift */ = {isa = PBXFileReference; lastKnownFileType = sourcecode.swift; path = ChinhSuaLichVC.swift; sourceTree = "<group>"; };
		259762822297A37F00F9A058 /* ChinhSuaLichCell.swift */ = {isa = PBXFileReference; lastKnownFileType = sourcecode.swift; path = ChinhSuaLichCell.swift; sourceTree = "<group>"; };
		259762862297A8C100F9A058 /* ThemMonAnVC.swift */ = {isa = PBXFileReference; lastKnownFileType = sourcecode.swift; path = ThemMonAnVC.swift; sourceTree = "<group>"; };
		259762882297AC6B00F9A058 /* MonAnCell.swift */ = {isa = PBXFileReference; lastKnownFileType = sourcecode.swift; path = MonAnCell.swift; sourceTree = "<group>"; };
		2597628A2297B92000F9A058 /* SideMenuVC.swift */ = {isa = PBXFileReference; lastKnownFileType = sourcecode.swift; path = SideMenuVC.swift; sourceTree = "<group>"; };
		25ECED872297BDC400F3693B /* BinhLuanVC.swift */ = {isa = PBXFileReference; lastKnownFileType = sourcecode.swift; path = BinhLuanVC.swift; sourceTree = "<group>"; };
		25ECED8B2297C69F00F3693B /* BorderButton.swift */ = {isa = PBXFileReference; lastKnownFileType = sourcecode.swift; path = BorderButton.swift; sourceTree = "<group>"; };
		25ECED8D2297C6E400F3693B /* BorderView.swift */ = {isa = PBXFileReference; lastKnownFileType = sourcecode.swift; path = BorderView.swift; sourceTree = "<group>"; };
		25ECED8F2297CBE400F3693B /* BinhLuanCell.swift */ = {isa = PBXFileReference; lastKnownFileType = sourcecode.swift; path = BinhLuanCell.swift; sourceTree = "<group>"; };
		25ECED962297DF9D00F3693B /* CornerTextView.swift */ = {isa = PBXFileReference; lastKnownFileType = sourcecode.swift; path = CornerTextView.swift; sourceTree = "<group>"; };
		25ECED982297E21E00F3693B /* VoteThucDonVC.swift */ = {isa = PBXFileReference; lastKnownFileType = sourcecode.swift; path = VoteThucDonVC.swift; sourceTree = "<group>"; };
		25ECED9A2297E62900F3693B /* VoteCell.swift */ = {isa = PBXFileReference; lastKnownFileType = sourcecode.swift; path = VoteCell.swift; sourceTree = "<group>"; };
		3D14EA4522B0F82C00A116E6 /* NhanVien.swift */ = {isa = PBXFileReference; lastKnownFileType = sourcecode.swift; name = NhanVien.swift; path = "childkit-client/Utils/NhanVien.swift"; sourceTree = SOURCE_ROOT; };
		3D21B31522AFDD5800F33ADB /* Tre.swift */ = {isa = PBXFileReference; lastKnownFileType = sourcecode.swift; name = Tre.swift; path = "childkit-client/Utils/Tre.swift"; sourceTree = SOURCE_ROOT; };
		3D26C64222B3791B0021C9C8 /* XemThucDonDatTiec.swift */ = {isa = PBXFileReference; lastKnownFileType = sourcecode.swift; path = XemThucDonDatTiec.swift; sourceTree = "<group>"; };
		3D26C64422B380170021C9C8 /* YeuCauGVCell.swift */ = {isa = PBXFileReference; fileEncoding = 4; lastKnownFileType = sourcecode.swift; path = YeuCauGVCell.swift; sourceTree = "<group>"; };
		3D26C64522B380170021C9C8 /* YeuCauPHCell.swift */ = {isa = PBXFileReference; fileEncoding = 4; lastKnownFileType = sourcecode.swift; path = YeuCauPHCell.swift; sourceTree = "<group>"; };
		3D26C64822B380480021C9C8 /* YeuCauPH.swift */ = {isa = PBXFileReference; fileEncoding = 4; lastKnownFileType = sourcecode.swift; path = YeuCauPH.swift; sourceTree = "<group>"; };
		3D26C64A22B380860021C9C8 /* YeuCauGV.swift */ = {isa = PBXFileReference; fileEncoding = 4; lastKnownFileType = sourcecode.swift; path = YeuCauGV.swift; sourceTree = "<group>"; };
		3D26C64C22B380BA0021C9C8 /* BorderImageView.swift */ = {isa = PBXFileReference; fileEncoding = 4; lastKnownFileType = sourcecode.swift; path = BorderImageView.swift; sourceTree = "<group>"; };
		3D26C64E22B3882F0021C9C8 /* MenuDatTiecCell.swift */ = {isa = PBXFileReference; fileEncoding = 4; lastKnownFileType = sourcecode.swift; path = MenuDatTiecCell.swift; sourceTree = "<group>"; };
		3D26C65022B388F70021C9C8 /* ChiTietYeuCauDatTiecVC.swift */ = {isa = PBXFileReference; fileEncoding = 4; lastKnownFileType = sourcecode.swift; path = ChiTietYeuCauDatTiecVC.swift; sourceTree = "<group>"; };
		3D2C68E222A66ABB00AC8E7A /* GoogleService-Info.plist */ = {isa = PBXFileReference; fileEncoding = 4; lastKnownFileType = text.plist.xml; path = "GoogleService-Info.plist"; sourceTree = "<group>"; };
		3D2C68E422A672BD00AC8E7A /* ConfigDatabase.swift */ = {isa = PBXFileReference; lastKnownFileType = sourcecode.swift; path = ConfigDatabase.swift; sourceTree = "<group>"; };
		3D79563522A90242005C84CA /* DateExt.swift */ = {isa = PBXFileReference; lastKnownFileType = sourcecode.swift; path = DateExt.swift; sourceTree = "<group>"; };
		3D94299B22998B76009F1976 /* ChildCell.swift */ = {isa = PBXFileReference; lastKnownFileType = sourcecode.swift; path = ChildCell.swift; sourceTree = "<group>"; };
		3D94299D22998C79009F1976 /* DatTiecPHVC.swift */ = {isa = PBXFileReference; lastKnownFileType = sourcecode.swift; path = DatTiecPHVC.swift; sourceTree = "<group>"; };
		3D9429A12299986E009F1976 /* CornerTableView.swift */ = {isa = PBXFileReference; lastKnownFileType = sourcecode.swift; path = CornerTableView.swift; sourceTree = "<group>"; };
		3D9429A32299A1E1009F1976 /* DatTiecGVVC.swift */ = {isa = PBXFileReference; lastKnownFileType = sourcecode.swift; path = DatTiecGVVC.swift; sourceTree = "<group>"; };
		3D998F4E22AABB940049BB48 /* LichNau.swift */ = {isa = PBXFileReference; lastKnownFileType = sourcecode.swift; name = LichNau.swift; path = "childkit-client/Utils/LichNau.swift"; sourceTree = SOURCE_ROOT; };
		3DBA85C6229A45180060ADDE /* CategoryVC.swift */ = {isa = PBXFileReference; lastKnownFileType = sourcecode.swift; path = CategoryVC.swift; sourceTree = "<group>"; };
		3DBA85C8229A47A50060ADDE /* CategoryCell.swift */ = {isa = PBXFileReference; lastKnownFileType = sourcecode.swift; path = CategoryCell.swift; sourceTree = "<group>"; };
		3DBA85CA229A4C9D0060ADDE /* FoodByCategoryVC.swift */ = {isa = PBXFileReference; lastKnownFileType = sourcecode.swift; path = FoodByCategoryVC.swift; sourceTree = "<group>"; };
		3DBA85CC229A53A80060ADDE /* ThemMonAn2VC.swift */ = {isa = PBXFileReference; lastKnownFileType = sourcecode.swift; path = ThemMonAn2VC.swift; sourceTree = "<group>"; };
		3DF2480B22AE304C000D8C89 /* BinhLuan.swift */ = {isa = PBXFileReference; lastKnownFileType = sourcecode.swift; name = BinhLuan.swift; path = "childkit-client/Utils/BinhLuan.swift"; sourceTree = SOURCE_ROOT; };
		3DFA0E3322A9F67900CFF802 /* LichTuanSauVC.swift */ = {isa = PBXFileReference; lastKnownFileType = sourcecode.swift; path = LichTuanSauVC.swift; sourceTree = "<group>"; };
		3DFA0E3522AA02ED00CFF802 /* iOSDropDown.framework */ = {isa = PBXFileReference; explicitFileType = wrapper.framework; path = iOSDropDown.framework; sourceTree = BUILT_PRODUCTS_DIR; };
		3DFA0E3722AA078600CFF802 /* MonAn.swift */ = {isa = PBXFileReference; lastKnownFileType = sourcecode.swift; name = MonAn.swift; path = "childkit-client/Controller/MonAn.swift"; sourceTree = SOURCE_ROOT; };
		3DFA0E3B22AA12D100CFF802 /* CornerImage.swift */ = {isa = PBXFileReference; lastKnownFileType = sourcecode.swift; path = CornerImage.swift; sourceTree = "<group>"; };
		3DFA0E3D22AA194F00CFF802 /* Category.swift */ = {isa = PBXFileReference; lastKnownFileType = sourcecode.swift; name = Category.swift; path = "childkit-client/Utils/Category.swift"; sourceTree = SOURCE_ROOT; };
		40070DA461B6C5F7915C5AD2 /* Pods-childkit-client.debug.xcconfig */ = {isa = PBXFileReference; includeInIndex = 1; lastKnownFileType = text.xcconfig; name = "Pods-childkit-client.debug.xcconfig"; path = "Target Support Files/Pods-childkit-client/Pods-childkit-client.debug.xcconfig"; sourceTree = "<group>"; };
		7E5F497AC6BE8319CE94404D /* Pods_childkit_client.framework */ = {isa = PBXFileReference; explicitFileType = wrapper.framework; includeInIndex = 0; path = Pods_childkit_client.framework; sourceTree = BUILT_PRODUCTS_DIR; };
		B079E9AF84C3BEDE00D209BA /* Pods-childkit-client.release.xcconfig */ = {isa = PBXFileReference; includeInIndex = 1; lastKnownFileType = text.xcconfig; name = "Pods-childkit-client.release.xcconfig"; path = "Target Support Files/Pods-childkit-client/Pods-childkit-client.release.xcconfig"; sourceTree = "<group>"; };
/* End PBXFileReference section */

/* Begin PBXFrameworksBuildPhase section */
		2529C7022296238D00887EAF /* Frameworks */ = {
			isa = PBXFrameworksBuildPhase;
			buildActionMask = 2147483647;
			files = (
				3DFA0E3622AA02ED00CFF802 /* iOSDropDown.framework in Frameworks */,
				833852755FDCF9FFB6D4F3C6 /* Pods_childkit_client.framework in Frameworks */,
			);
			runOnlyForDeploymentPostprocessing = 0;
		};
/* End PBXFrameworksBuildPhase section */

/* Begin PBXGroup section */
		2518BE4922962FA6002121E6 /* Controller */ = {
			isa = PBXGroup;
			children = (
				3D26C65022B388F70021C9C8 /* ChiTietYeuCauDatTiecVC.swift */,
				2529C70A2296238D00887EAF /* LoginVC.swift */,
				2546D72222978785007ED0A2 /* LichThucDonVC.swift */,
				259762802297989E00F9A058 /* ChinhSuaLichVC.swift */,
				259762862297A8C100F9A058 /* ThemMonAnVC.swift */,
				2597628A2297B92000F9A058 /* SideMenuVC.swift */,
				25ECED872297BDC400F3693B /* BinhLuanVC.swift */,
				25ECED982297E21E00F3693B /* VoteThucDonVC.swift */,
				3D94299D22998C79009F1976 /* DatTiecPHVC.swift */,
				3D9429A32299A1E1009F1976 /* DatTiecGVVC.swift */,
				3DBA85C6229A45180060ADDE /* CategoryVC.swift */,
				3DBA85CA229A4C9D0060ADDE /* FoodByCategoryVC.swift */,
				3DBA85CC229A53A80060ADDE /* ThemMonAn2VC.swift */,
				3DFA0E3322A9F67900CFF802 /* LichTuanSauVC.swift */,
				3D26C64222B3791B0021C9C8 /* XemThucDonDatTiec.swift */,
			);
			path = Controller;
			sourceTree = "<group>";
		};
		2518BE4A22962FB1002121E6 /* View */ = {
			isa = PBXGroup;
			children = (
				3D26C64E22B3882F0021C9C8 /* MenuDatTiecCell.swift */,
				3D26C64422B380170021C9C8 /* YeuCauGVCell.swift */,
				3D26C64522B380170021C9C8 /* YeuCauPHCell.swift */,
				2546D724229791B2007ED0A2 /* LichCell.swift */,
				259762822297A37F00F9A058 /* ChinhSuaLichCell.swift */,
				259762882297AC6B00F9A058 /* MonAnCell.swift */,
				25ECED8F2297CBE400F3693B /* BinhLuanCell.swift */,
				25ECED9A2297E62900F3693B /* VoteCell.swift */,
				3D94299B22998B76009F1976 /* ChildCell.swift */,
				3DBA85C8229A47A50060ADDE /* CategoryCell.swift */,
			);
			path = View;
			sourceTree = "<group>";
		};
		2518BE4B22962FB6002121E6 /* Model */ = {
			isa = PBXGroup;
			children = (
				3D26C64822B380480021C9C8 /* YeuCauPH.swift */,
				3DFA0E3722AA078600CFF802 /* MonAn.swift */,
				3DFA0E3D22AA194F00CFF802 /* Category.swift */,
				3D998F4E22AABB940049BB48 /* LichNau.swift */,
				3DF2480B22AE304C000D8C89 /* BinhLuan.swift */,
				3D21B31522AFDD5800F33ADB /* Tre.swift */,
				3D14EA4522B0F82C00A116E6 /* NhanVien.swift */,
				3D26C64A22B380860021C9C8 /* YeuCauGV.swift */,
			);
			path = Model;
			sourceTree = "<group>";
		};
		2518BE4C22963017002121E6 /* Utils */ = {
			isa = PBXGroup;
			children = (
				3D26C64C22B380BA0021C9C8 /* BorderImageView.swift */,
				2518BE4D22963037002121E6 /* CornerButton.swift */,
				25ECED8B2297C69F00F3693B /* BorderButton.swift */,
				25ECED8D2297C6E400F3693B /* BorderView.swift */,
				25ECED962297DF9D00F3693B /* CornerTextView.swift */,
				3D9429A12299986E009F1976 /* CornerTableView.swift */,
				3D2C68E422A672BD00AC8E7A /* ConfigDatabase.swift */,
				3DFA0E3B22AA12D100CFF802 /* CornerImage.swift */,
			);
			path = Utils;
			sourceTree = "<group>";
		};
		2529C6FC2296238D00887EAF = {
			isa = PBXGroup;
			children = (
				2529C7072296238D00887EAF /* childkit-client */,
				2529C7062296238D00887EAF /* Products */,
				4217B6991E8D373F9DE7CE7C /* Pods */,
				2D7F570E5BFE88F366E0DC6D /* Frameworks */,
			);
			sourceTree = "<group>";
		};
		2529C7062296238D00887EAF /* Products */ = {
			isa = PBXGroup;
			children = (
				2529C7052296238D00887EAF /* childkit-client.app */,
			);
			name = Products;
			sourceTree = "<group>";
		};
		2529C7072296238D00887EAF /* childkit-client */ = {
			isa = PBXGroup;
			children = (
				3D79563422A90236005C84CA /* Extension */,
				2518BE4C22963017002121E6 /* Utils */,
				2518BE4B22962FB6002121E6 /* Model */,
				2518BE4A22962FB1002121E6 /* View */,
				2518BE4922962FA6002121E6 /* Controller */,
				2529C7082296238D00887EAF /* AppDelegate.swift */,
				2529C70C2296238D00887EAF /* Main.storyboard */,
				2529C7112296238E00887EAF /* LaunchScreen.storyboard */,
				2546D72022978247007ED0A2 /* Assets.xcassets */,
				2529C7142296238E00887EAF /* Info.plist */,
				3D2C68E222A66ABB00AC8E7A /* GoogleService-Info.plist */,
			);
			path = "childkit-client";
			sourceTree = "<group>";
		};
		2D7F570E5BFE88F366E0DC6D /* Frameworks */ = {
			isa = PBXGroup;
			children = (
				3DFA0E3522AA02ED00CFF802 /* iOSDropDown.framework */,
				7E5F497AC6BE8319CE94404D /* Pods_childkit_client.framework */,
			);
			name = Frameworks;
			sourceTree = "<group>";
		};
		3D79563422A90236005C84CA /* Extension */ = {
			isa = PBXGroup;
			children = (
				3D79563522A90242005C84CA /* DateExt.swift */,
			);
			path = Extension;
			sourceTree = "<group>";
		};
		4217B6991E8D373F9DE7CE7C /* Pods */ = {
			isa = PBXGroup;
			children = (
				40070DA461B6C5F7915C5AD2 /* Pods-childkit-client.debug.xcconfig */,
				B079E9AF84C3BEDE00D209BA /* Pods-childkit-client.release.xcconfig */,
			);
			path = Pods;
			sourceTree = "<group>";
		};
/* End PBXGroup section */

/* Begin PBXNativeTarget section */
		2529C7042296238D00887EAF /* childkit-client */ = {
			isa = PBXNativeTarget;
			buildConfigurationList = 2529C7172296238E00887EAF /* Build configuration list for PBXNativeTarget "childkit-client" */;
			buildPhases = (
				917EEE7BA64433212C3B8425 /* [CP] Check Pods Manifest.lock */,
				2529C7012296238D00887EAF /* Sources */,
				2529C7022296238D00887EAF /* Frameworks */,
				2529C7032296238D00887EAF /* Resources */,
				A7101DA2AE6F55D4EB568BBC /* [CP] Embed Pods Frameworks */,
			);
			buildRules = (
			);
			dependencies = (
			);
			name = "childkit-client";
			productName = "childkit-client";
			productReference = 2529C7052296238D00887EAF /* childkit-client.app */;
			productType = "com.apple.product-type.application";
		};
/* End PBXNativeTarget section */

/* Begin PBXProject section */
		2529C6FD2296238D00887EAF /* Project object */ = {
			isa = PBXProject;
			attributes = {
				LastSwiftUpdateCheck = 1020;
				LastUpgradeCheck = 1020;
				ORGANIZATIONNAME = SANG;
				TargetAttributes = {
					2529C7042296238D00887EAF = {
						CreatedOnToolsVersion = 10.2.1;
					};
				};
			};
			buildConfigurationList = 2529C7002296238D00887EAF /* Build configuration list for PBXProject "childkit-client" */;
			compatibilityVersion = "Xcode 9.3";
			developmentRegion = en;
			hasScannedForEncodings = 0;
			knownRegions = (
				en,
				Base,
			);
			mainGroup = 2529C6FC2296238D00887EAF;
			productRefGroup = 2529C7062296238D00887EAF /* Products */;
			projectDirPath = "";
			projectRoot = "";
			targets = (
				2529C7042296238D00887EAF /* childkit-client */,
			);
		};
/* End PBXProject section */

/* Begin PBXResourcesBuildPhase section */
		2529C7032296238D00887EAF /* Resources */ = {
			isa = PBXResourcesBuildPhase;
			buildActionMask = 2147483647;
			files = (
				2529C7132296238E00887EAF /* LaunchScreen.storyboard in Resources */,
				3D2C68E322A66ABB00AC8E7A /* GoogleService-Info.plist in Resources */,
				2546D72122978247007ED0A2 /* Assets.xcassets in Resources */,
				2529C70E2296238D00887EAF /* Main.storyboard in Resources */,
			);
			runOnlyForDeploymentPostprocessing = 0;
		};
/* End PBXResourcesBuildPhase section */

/* Begin PBXShellScriptBuildPhase section */
		917EEE7BA64433212C3B8425 /* [CP] Check Pods Manifest.lock */ = {
			isa = PBXShellScriptBuildPhase;
			buildActionMask = 2147483647;
			files = (
			);
			inputFileListPaths = (
			);
			inputPaths = (
				"${PODS_PODFILE_DIR_PATH}/Podfile.lock",
				"${PODS_ROOT}/Manifest.lock",
			);
			name = "[CP] Check Pods Manifest.lock";
			outputFileListPaths = (
			);
			outputPaths = (
				"$(DERIVED_FILE_DIR)/Pods-childkit-client-checkManifestLockResult.txt",
			);
			runOnlyForDeploymentPostprocessing = 0;
			shellPath = /bin/sh;
			shellScript = "diff \"${PODS_PODFILE_DIR_PATH}/Podfile.lock\" \"${PODS_ROOT}/Manifest.lock\" > /dev/null\nif [ $? != 0 ] ; then\n    # print error to STDERR\n    echo \"error: The sandbox is not in sync with the Podfile.lock. Run 'pod install' or update your CocoaPods installation.\" >&2\n    exit 1\nfi\n# This output is used by Xcode 'outputs' to avoid re-running this script phase.\necho \"SUCCESS\" > \"${SCRIPT_OUTPUT_FILE_0}\"\n";
			showEnvVarsInLog = 0;
		};
		A7101DA2AE6F55D4EB568BBC /* [CP] Embed Pods Frameworks */ = {
			isa = PBXShellScriptBuildPhase;
			buildActionMask = 2147483647;
			files = (
			);
			inputFileListPaths = (
				"${PODS_ROOT}/Target Support Files/Pods-childkit-client/Pods-childkit-client-frameworks-${CONFIGURATION}-input-files.xcfilelist",
			);
			name = "[CP] Embed Pods Frameworks";
			outputFileListPaths = (
				"${PODS_ROOT}/Target Support Files/Pods-childkit-client/Pods-childkit-client-frameworks-${CONFIGURATION}-output-files.xcfilelist",
			);
			runOnlyForDeploymentPostprocessing = 0;
			shellPath = /bin/sh;
			shellScript = "\"${PODS_ROOT}/Target Support Files/Pods-childkit-client/Pods-childkit-client-frameworks.sh\"\n";
			showEnvVarsInLog = 0;
		};
/* End PBXShellScriptBuildPhase section */

/* Begin PBXSourcesBuildPhase section */
		2529C7012296238D00887EAF /* Sources */ = {
			isa = PBXSourcesBuildPhase;
			buildActionMask = 2147483647;
			files = (
				25ECED8C2297C69F00F3693B /* BorderButton.swift in Sources */,
				3DBA85CD229A53A80060ADDE /* ThemMonAn2VC.swift in Sources */,
				2546D72322978785007ED0A2 /* LichThucDonVC.swift in Sources */,
				3D2C68E522A672BD00AC8E7A /* ConfigDatabase.swift in Sources */,
				259762832297A37F00F9A058 /* ChinhSuaLichCell.swift in Sources */,
				3DFA0E3822AA078600CFF802 /* MonAn.swift in Sources */,
				3DFA0E3C22AA12D100CFF802 /* CornerImage.swift in Sources */,
				3DFA0E3E22AA194F00CFF802 /* Category.swift in Sources */,
				3DBA85CB229A4C9D0060ADDE /* FoodByCategoryVC.swift in Sources */,
				25ECED882297BDC400F3693B /* BinhLuanVC.swift in Sources */,
				25ECED902297CBE400F3693B /* BinhLuanCell.swift in Sources */,
				3D26C64322B3791B0021C9C8 /* XemThucDonDatTiec.swift in Sources */,
				3D21B31622AFDD5800F33ADB /* Tre.swift in Sources */,
				3D9429A42299A1E1009F1976 /* DatTiecGVVC.swift in Sources */,
				2529C70B2296238D00887EAF /* LoginVC.swift in Sources */,
				2529C7092296238D00887EAF /* AppDelegate.swift in Sources */,
				25ECED972297DF9D00F3693B /* CornerTextView.swift in Sources */,
				25ECED9B2297E62900F3693B /* VoteCell.swift in Sources */,
				3D998F4F22AABB940049BB48 /* LichNau.swift in Sources */,
				3DFA0E3422A9F67A00CFF802 /* LichTuanSauVC.swift in Sources */,
				3DBA85C9229A47A50060ADDE /* CategoryCell.swift in Sources */,
				2597628B2297B92000F9A058 /* SideMenuVC.swift in Sources */,
				3D26C64922B380480021C9C8 /* YeuCauPH.swift in Sources */,
				259762892297AC6B00F9A058 /* MonAnCell.swift in Sources */,
				3D26C64D22B380BA0021C9C8 /* BorderImageView.swift in Sources */,
				3DBA85C7229A45180060ADDE /* CategoryVC.swift in Sources */,
				3D94299C22998B76009F1976 /* ChildCell.swift in Sources */,
				3D26C64B22B380860021C9C8 /* YeuCauGV.swift in Sources */,
				3D94299E22998C79009F1976 /* DatTiecPHVC.swift in Sources */,
				259762872297A8C100F9A058 /* ThemMonAnVC.swift in Sources */,
				259762812297989E00F9A058 /* ChinhSuaLichVC.swift in Sources */,
				3D14EA4622B0F82C00A116E6 /* NhanVien.swift in Sources */,
				25ECED992297E21E00F3693B /* VoteThucDonVC.swift in Sources */,
				3D79563622A90242005C84CA /* DateExt.swift in Sources */,
				2546D725229791B2007ED0A2 /* LichCell.swift in Sources */,
				3D9429A22299986E009F1976 /* CornerTableView.swift in Sources */,
				3D26C64622B380170021C9C8 /* YeuCauGVCell.swift in Sources */,
				3D26C64F22B3882F0021C9C8 /* MenuDatTiecCell.swift in Sources */,
				25ECED8E2297C6E400F3693B /* BorderView.swift in Sources */,
				3D26C64722B380170021C9C8 /* YeuCauPHCell.swift in Sources */,
				3D26C65122B388F70021C9C8 /* ChiTietYeuCauDatTiecVC.swift in Sources */,
				3DF2480C22AE304C000D8C89 /* BinhLuan.swift in Sources */,
				2518BE4E22963037002121E6 /* CornerButton.swift in Sources */,
			);
			runOnlyForDeploymentPostprocessing = 0;
		};
/* End PBXSourcesBuildPhase section */

/* Begin PBXVariantGroup section */
		2529C70C2296238D00887EAF /* Main.storyboard */ = {
			isa = PBXVariantGroup;
			children = (
				2529C70D2296238D00887EAF /* Base */,
			);
			name = Main.storyboard;
			sourceTree = "<group>";
		};
		2529C7112296238E00887EAF /* LaunchScreen.storyboard */ = {
			isa = PBXVariantGroup;
			children = (
				2529C7122296238E00887EAF /* Base */,
			);
			name = LaunchScreen.storyboard;
			sourceTree = "<group>";
		};
/* End PBXVariantGroup section */

/* Begin XCBuildConfiguration section */
		2529C7152296238E00887EAF /* Debug */ = {
			isa = XCBuildConfiguration;
			buildSettings = {
				ALWAYS_SEARCH_USER_PATHS = NO;
				CLANG_ANALYZER_NONNULL = YES;
				CLANG_ANALYZER_NUMBER_OBJECT_CONVERSION = YES_AGGRESSIVE;
				CLANG_CXX_LANGUAGE_STANDARD = "gnu++14";
				CLANG_CXX_LIBRARY = "libc++";
				CLANG_ENABLE_MODULES = YES;
				CLANG_ENABLE_OBJC_ARC = YES;
				CLANG_ENABLE_OBJC_WEAK = YES;
				CLANG_WARN_BLOCK_CAPTURE_AUTORELEASING = YES;
				CLANG_WARN_BOOL_CONVERSION = YES;
				CLANG_WARN_COMMA = YES;
				CLANG_WARN_CONSTANT_CONVERSION = YES;
				CLANG_WARN_DEPRECATED_OBJC_IMPLEMENTATIONS = YES;
				CLANG_WARN_DIRECT_OBJC_ISA_USAGE = YES_ERROR;
				CLANG_WARN_DOCUMENTATION_COMMENTS = YES;
				CLANG_WARN_EMPTY_BODY = YES;
				CLANG_WARN_ENUM_CONVERSION = YES;
				CLANG_WARN_INFINITE_RECURSION = YES;
				CLANG_WARN_INT_CONVERSION = YES;
				CLANG_WARN_NON_LITERAL_NULL_CONVERSION = YES;
				CLANG_WARN_OBJC_IMPLICIT_RETAIN_SELF = YES;
				CLANG_WARN_OBJC_LITERAL_CONVERSION = YES;
				CLANG_WARN_OBJC_ROOT_CLASS = YES_ERROR;
				CLANG_WARN_RANGE_LOOP_ANALYSIS = YES;
				CLANG_WARN_STRICT_PROTOTYPES = YES;
				CLANG_WARN_SUSPICIOUS_MOVE = YES;
				CLANG_WARN_UNGUARDED_AVAILABILITY = YES_AGGRESSIVE;
				CLANG_WARN_UNREACHABLE_CODE = YES;
				CLANG_WARN__DUPLICATE_METHOD_MATCH = YES;
				CODE_SIGN_IDENTITY = "iPhone Developer";
				COPY_PHASE_STRIP = NO;
				DEBUG_INFORMATION_FORMAT = dwarf;
				ENABLE_STRICT_OBJC_MSGSEND = YES;
				ENABLE_TESTABILITY = YES;
				GCC_C_LANGUAGE_STANDARD = gnu11;
				GCC_DYNAMIC_NO_PIC = NO;
				GCC_NO_COMMON_BLOCKS = YES;
				GCC_OPTIMIZATION_LEVEL = 0;
				GCC_PREPROCESSOR_DEFINITIONS = (
					"DEBUG=1",
					"$(inherited)",
				);
				GCC_WARN_64_TO_32_BIT_CONVERSION = YES;
				GCC_WARN_ABOUT_RETURN_TYPE = YES_ERROR;
				GCC_WARN_UNDECLARED_SELECTOR = YES;
				GCC_WARN_UNINITIALIZED_AUTOS = YES_AGGRESSIVE;
				GCC_WARN_UNUSED_FUNCTION = YES;
				GCC_WARN_UNUSED_VARIABLE = YES;
				IPHONEOS_DEPLOYMENT_TARGET = 12.2;
				MTL_ENABLE_DEBUG_INFO = INCLUDE_SOURCE;
				MTL_FAST_MATH = YES;
				ONLY_ACTIVE_ARCH = YES;
				SDKROOT = iphoneos;
				SWIFT_ACTIVE_COMPILATION_CONDITIONS = DEBUG;
				SWIFT_OPTIMIZATION_LEVEL = "-Onone";
			};
			name = Debug;
		};
		2529C7162296238E00887EAF /* Release */ = {
			isa = XCBuildConfiguration;
			buildSettings = {
				ALWAYS_SEARCH_USER_PATHS = NO;
				CLANG_ANALYZER_NONNULL = YES;
				CLANG_ANALYZER_NUMBER_OBJECT_CONVERSION = YES_AGGRESSIVE;
				CLANG_CXX_LANGUAGE_STANDARD = "gnu++14";
				CLANG_CXX_LIBRARY = "libc++";
				CLANG_ENABLE_MODULES = YES;
				CLANG_ENABLE_OBJC_ARC = YES;
				CLANG_ENABLE_OBJC_WEAK = YES;
				CLANG_WARN_BLOCK_CAPTURE_AUTORELEASING = YES;
				CLANG_WARN_BOOL_CONVERSION = YES;
				CLANG_WARN_COMMA = YES;
				CLANG_WARN_CONSTANT_CONVERSION = YES;
				CLANG_WARN_DEPRECATED_OBJC_IMPLEMENTATIONS = YES;
				CLANG_WARN_DIRECT_OBJC_ISA_USAGE = YES_ERROR;
				CLANG_WARN_DOCUMENTATION_COMMENTS = YES;
				CLANG_WARN_EMPTY_BODY = YES;
				CLANG_WARN_ENUM_CONVERSION = YES;
				CLANG_WARN_INFINITE_RECURSION = YES;
				CLANG_WARN_INT_CONVERSION = YES;
				CLANG_WARN_NON_LITERAL_NULL_CONVERSION = YES;
				CLANG_WARN_OBJC_IMPLICIT_RETAIN_SELF = YES;
				CLANG_WARN_OBJC_LITERAL_CONVERSION = YES;
				CLANG_WARN_OBJC_ROOT_CLASS = YES_ERROR;
				CLANG_WARN_RANGE_LOOP_ANALYSIS = YES;
				CLANG_WARN_STRICT_PROTOTYPES = YES;
				CLANG_WARN_SUSPICIOUS_MOVE = YES;
				CLANG_WARN_UNGUARDED_AVAILABILITY = YES_AGGRESSIVE;
				CLANG_WARN_UNREACHABLE_CODE = YES;
				CLANG_WARN__DUPLICATE_METHOD_MATCH = YES;
				CODE_SIGN_IDENTITY = "iPhone Developer";
				COPY_PHASE_STRIP = NO;
				DEBUG_INFORMATION_FORMAT = "dwarf-with-dsym";
				ENABLE_NS_ASSERTIONS = NO;
				ENABLE_STRICT_OBJC_MSGSEND = YES;
				GCC_C_LANGUAGE_STANDARD = gnu11;
				GCC_NO_COMMON_BLOCKS = YES;
				GCC_WARN_64_TO_32_BIT_CONVERSION = YES;
				GCC_WARN_ABOUT_RETURN_TYPE = YES_ERROR;
				GCC_WARN_UNDECLARED_SELECTOR = YES;
				GCC_WARN_UNINITIALIZED_AUTOS = YES_AGGRESSIVE;
				GCC_WARN_UNUSED_FUNCTION = YES;
				GCC_WARN_UNUSED_VARIABLE = YES;
				IPHONEOS_DEPLOYMENT_TARGET = 12.2;
				MTL_ENABLE_DEBUG_INFO = NO;
				MTL_FAST_MATH = YES;
				SDKROOT = iphoneos;
				SWIFT_COMPILATION_MODE = wholemodule;
				SWIFT_OPTIMIZATION_LEVEL = "-O";
				VALIDATE_PRODUCT = YES;
			};
			name = Release;
		};
		2529C7182296238E00887EAF /* Debug */ = {
			isa = XCBuildConfiguration;
			baseConfigurationReference = 40070DA461B6C5F7915C5AD2 /* Pods-childkit-client.debug.xcconfig */;
			buildSettings = {
				ASSETCATALOG_COMPILER_APPICON_NAME = AppIcon;
				CODE_SIGN_STYLE = Automatic;
				DEVELOPMENT_TEAM = V24J95GX27;
				INFOPLIST_FILE = "childkit-client/Info.plist";
				LD_RUNPATH_SEARCH_PATHS = (
					"$(inherited)",
					"@executable_path/Frameworks",
				);
				PRODUCT_BUNDLE_IDENTIFIER = "com.lucthoisang.childkit-client";
				PRODUCT_NAME = "$(TARGET_NAME)";
				SWIFT_VERSION = 5.0;
				TARGETED_DEVICE_FAMILY = "1,2";
			};
			name = Debug;
		};
		2529C7192296238E00887EAF /* Release */ = {
			isa = XCBuildConfiguration;
			baseConfigurationReference = B079E9AF84C3BEDE00D209BA /* Pods-childkit-client.release.xcconfig */;
			buildSettings = {
				ASSETCATALOG_COMPILER_APPICON_NAME = AppIcon;
				CODE_SIGN_STYLE = Automatic;
				DEVELOPMENT_TEAM = V24J95GX27;
				INFOPLIST_FILE = "childkit-client/Info.plist";
				LD_RUNPATH_SEARCH_PATHS = (
					"$(inherited)",
					"@executable_path/Frameworks",
				);
				PRODUCT_BUNDLE_IDENTIFIER = "com.lucthoisang.childkit-client";
				PRODUCT_NAME = "$(TARGET_NAME)";
				SWIFT_VERSION = 5.0;
				TARGETED_DEVICE_FAMILY = "1,2";
			};
			name = Release;
		};
/* End XCBuildConfiguration section */

/* Begin XCConfigurationList section */
		2529C7002296238D00887EAF /* Build configuration list for PBXProject "childkit-client" */ = {
			isa = XCConfigurationList;
			buildConfigurations = (
				2529C7152296238E00887EAF /* Debug */,
				2529C7162296238E00887EAF /* Release */,
			);
			defaultConfigurationIsVisible = 0;
			defaultConfigurationName = Release;
		};
		2529C7172296238E00887EAF /* Build configuration list for PBXNativeTarget "childkit-client" */ = {
			isa = XCConfigurationList;
			buildConfigurations = (
				2529C7182296238E00887EAF /* Debug */,
				2529C7192296238E00887EAF /* Release */,
			);
			defaultConfigurationIsVisible = 0;
			defaultConfigurationName = Release;
		};
/* End XCConfigurationList section */
	};
	rootObject = 2529C6FD2296238D00887EAF /* Project object */;
}
